
Microsoft Visual Studio Solution File, Format Version 12.00
# Visual Studio 15
VisualStudioVersion = 15.0.28010.2050
MinimumVisualStudioVersion = 10.0.40219.1
Project("{FAE04EC0-301F-11D3-BF4B-00C04F79EFBC}") = "Projekt_3_Andrzejewski_48660", "Projekt_3_Andrzejewski_48660\Projekt_3_Andrzejewski_48660.csproj", "{2057E1F5-B6B0-436A-8111-2B2AF1010AAE}"
EndProject
Global
	GlobalSection(SolutionConfigurationPlatforms) = preSolution
		Debug|Any CPU = Debug|Any CPU
		Release|Any CPU = Release|Any CPU
	EndGlobalSection
	GlobalSection(ProjectConfigurationPlatforms) = postSolution
		{2057E1F5-B6B0-436A-8111-2B2AF1010AAE}.Debug|Any CPU.ActiveCfg = Debug|Any CPU
		{2057E1F5-B6B0-436A-8111-2B2AF1010AAE}.Debug|Any CPU.Build.0 = Debug|Any CPU
		{2057E1F5-B6B0-436A-8111-2B2AF1010AAE}.Release|Any CPU.ActiveCfg = Release|Any CPU
		{2057E1F5-B6B0-436A-8111-2B2AF1010AAE}.Release|Any CPU.Build.0 = Release|Any CPU
	EndGlobalSection
	GlobalSection(SolutionProperties) = preSolution
		HideSolutionNode = FALSE
	EndGlobalSection
	GlobalSection(ExtensibilityGlobals) = postSolution
		SolutionGuid = {CE3A0B41-AE7E-4820-96EA-842696A08716}
	EndGlobalSection
EndGlobal
