
Microsoft Visual Studio Solution File, Format Version 12.00
# Visual Studio 15
VisualStudioVersion = 15.0.28010.2050
MinimumVisualStudioVersion = 10.0.40219.1
Project("{FAE04EC0-301F-11D3-BF4B-00C04F79EFBC}") = "Projekt_3_Andrzejewski_48660_", "Projekt_3_Andrzejewski_48660_\Projekt_3_Andrzejewski_48660_.csproj", "{F098D063-D16E-4FEF-94F4-822A0B719830}"
EndProject
Global
	GlobalSection(SolutionConfigurationPlatforms) = preSolution
		Debug|Any CPU = Debug|Any CPU
		Release|Any CPU = Release|Any CPU
	EndGlobalSection
	GlobalSection(ProjectConfigurationPlatforms) = postSolution
		{F098D063-D16E-4FEF-94F4-822A0B719830}.Debug|Any CPU.ActiveCfg = Debug|Any CPU
		{F098D063-D16E-4FEF-94F4-822A0B719830}.Debug|Any CPU.Build.0 = Debug|Any CPU
		{F098D063-D16E-4FEF-94F4-822A0B719830}.Release|Any CPU.ActiveCfg = Release|Any CPU
		{F098D063-D16E-4FEF-94F4-822A0B719830}.Release|Any CPU.Build.0 = Release|Any CPU
	EndGlobalSection
	GlobalSection(SolutionProperties) = preSolution
		HideSolutionNode = FALSE
	EndGlobalSection
	GlobalSection(ExtensibilityGlobals) = postSolution
		SolutionGuid = {A9FB65A6-C4C1-4EF9-87FD-0D770A602B72}
	EndGlobalSection
EndGlobal
