
Microsoft Visual Studio Solution File, Format Version 12.00
# Visual Studio 15
VisualStudioVersion = 15.0.28010.2050
MinimumVisualStudioVersion = 10.0.40219.1
Project("{FAE04EC0-301F-11D3-BF4B-00C04F79EFBC}") = "Projekt_2_Semestr_2_Andrzejewski_48660", "Projekt_2_Semestr_2_Andrzejewski_48660\Projekt_2_Semestr_2_Andrzejewski_48660.csproj", "{CF75083F-B982-4A1E-9CA4-C14BF63A7B79}"
EndProject
Global
	GlobalSection(SolutionConfigurationPlatforms) = preSolution
		Debug|Any CPU = Debug|Any CPU
		Release|Any CPU = Release|Any CPU
	EndGlobalSection
	GlobalSection(ProjectConfigurationPlatforms) = postSolution
		{CF75083F-B982-4A1E-9CA4-C14BF63A7B79}.Debug|Any CPU.ActiveCfg = Debug|Any CPU
		{CF75083F-B982-4A1E-9CA4-C14BF63A7B79}.Debug|Any CPU.Build.0 = Debug|Any CPU
		{CF75083F-B982-4A1E-9CA4-C14BF63A7B79}.Release|Any CPU.ActiveCfg = Release|Any CPU
		{CF75083F-B982-4A1E-9CA4-C14BF63A7B79}.Release|Any CPU.Build.0 = Release|Any CPU
	EndGlobalSection
	GlobalSection(SolutionProperties) = preSolution
		HideSolutionNode = FALSE
	EndGlobalSection
	GlobalSection(ExtensibilityGlobals) = postSolution
		SolutionGuid = {73A6B085-D184-4E27-8D03-8CEAACF7B29B}
	EndGlobalSection
EndGlobal
