
Microsoft Visual Studio Solution File, Format Version 12.00
# Visual Studio 15
VisualStudioVersion = 15.0.28010.2050
MinimumVisualStudioVersion = 10.0.40219.1
Project("{FAE04EC0-301F-11D3-BF4B-00C04F79EFBC}") = "Sprawdzian", "Sprawdzian\Sprawdzian.csproj", "{C22FF1BF-A6A1-4B54-A74A-06E87949E511}"
EndProject
Global
	GlobalSection(SolutionConfigurationPlatforms) = preSolution
		Debug|Any CPU = Debug|Any CPU
		Release|Any CPU = Release|Any CPU
	EndGlobalSection
	GlobalSection(ProjectConfigurationPlatforms) = postSolution
		{C22FF1BF-A6A1-4B54-A74A-06E87949E511}.Debug|Any CPU.ActiveCfg = Debug|Any CPU
		{C22FF1BF-A6A1-4B54-A74A-06E87949E511}.Debug|Any CPU.Build.0 = Debug|Any CPU
		{C22FF1BF-A6A1-4B54-A74A-06E87949E511}.Release|Any CPU.ActiveCfg = Release|Any CPU
		{C22FF1BF-A6A1-4B54-A74A-06E87949E511}.Release|Any CPU.Build.0 = Release|Any CPU
	EndGlobalSection
	GlobalSection(SolutionProperties) = preSolution
		HideSolutionNode = FALSE
	EndGlobalSection
	GlobalSection(ExtensibilityGlobals) = postSolution
		SolutionGuid = {9D4436DC-BDA5-421D-84E3-B538414D570E}
	EndGlobalSection
EndGlobal
