
Microsoft Visual Studio Solution File, Format Version 12.00
# Visual Studio 15
VisualStudioVersion = 15.0.28010.2050
MinimumVisualStudioVersion = 10.0.40219.1
Project("{FAE04EC0-301F-11D3-BF4B-00C04F79EFBC}") = "Projekt_1_Semestr_2_Andrzejewski_48660", "Projekt_1_Semestr_2_Andrzejewski_48660\Projekt_1_Semestr_2_Andrzejewski_48660.csproj", "{60148F60-B1C3-43A1-AFA5-A8FE38094AF0}"
EndProject
Global
	GlobalSection(SolutionConfigurationPlatforms) = preSolution
		Debug|Any CPU = Debug|Any CPU
		Release|Any CPU = Release|Any CPU
	EndGlobalSection
	GlobalSection(ProjectConfigurationPlatforms) = postSolution
		{60148F60-B1C3-43A1-AFA5-A8FE38094AF0}.Debug|Any CPU.ActiveCfg = Debug|Any CPU
		{60148F60-B1C3-43A1-AFA5-A8FE38094AF0}.Debug|Any CPU.Build.0 = Debug|Any CPU
		{60148F60-B1C3-43A1-AFA5-A8FE38094AF0}.Release|Any CPU.ActiveCfg = Release|Any CPU
		{60148F60-B1C3-43A1-AFA5-A8FE38094AF0}.Release|Any CPU.Build.0 = Release|Any CPU
	EndGlobalSection
	GlobalSection(SolutionProperties) = preSolution
		HideSolutionNode = FALSE
	EndGlobalSection
	GlobalSection(ExtensibilityGlobals) = postSolution
		SolutionGuid = {CCEFDB00-2CAC-4548-B28C-27014ABD8F70}
	EndGlobalSection
EndGlobal
